
Microsoft Visual Studio Solution File, Format Version 12.00
# Visual Studio Version 16
VisualStudioVersion = 16.0.33529.622
MinimumVisualStudioVersion = 10.0.40219.1
Project("{888888A0-9F3D-457C-B088-3A5042F75D52}") = "space_invader", "space_invader\space_invader.pyproj", "{E4C5F3B6-6C04-417B-BF44-73F8E20C0334}"
EndProject
Global
	GlobalSection(SolutionConfigurationPlatforms) = preSolution
		Debug|Any CPU = Debug|Any CPU
		Release|Any CPU = Release|Any CPU
	EndGlobalSection
	GlobalSection(ProjectConfigurationPlatforms) = postSolution
		{E4C5F3B6-6C04-417B-BF44-73F8E20C0334}.Debug|Any CPU.ActiveCfg = Debug|Any CPU
		{E4C5F3B6-6C04-417B-BF44-73F8E20C0334}.Release|Any CPU.ActiveCfg = Release|Any CPU
	EndGlobalSection
	GlobalSection(SolutionProperties) = preSolution
		HideSolutionNode = FALSE
	EndGlobalSection
	GlobalSection(ExtensibilityGlobals) = postSolution
		SolutionGuid = {D2AE8AA6-ADC9-4107-8C31-FBFEF356783E}
	EndGlobalSection
EndGlobal
